
Microsoft Visual Studio Solution File, Format Version 12.00
# Visual Studio Version 16
VisualStudioVersion = 16.0.29306.81
MinimumVisualStudioVersion = 10.0.40219.1
Project("{FAE04EC0-301F-11D3-BF4B-00C04F79EFBC}") = "Tuan02", "Tuan02\Tuan02.csproj", "{EA6F29F8-7ADA-46AA-B1B8-A5284AA5A0B0}"
EndProject
Project("{FAE04EC0-301F-11D3-BF4B-00C04F79EFBC}") = "Tuan02-03", "Tuan02-03\Tuan02-03.csproj", "{6138BCD1-ADE8-46FC-B743-C9FFACFC5AB9}"
EndProject
Project("{FAE04EC0-301F-11D3-BF4B-00C04F79EFBC}") = "Tuan02-04", "Tuan02-04\Tuan02-04.csproj", "{AB0AC176-FA56-43E6-8030-078A3FF74096}"
EndProject
Global
	GlobalSection(SolutionConfigurationPlatforms) = preSolution
		Debug|Any CPU = Debug|Any CPU
		Release|Any CPU = Release|Any CPU
	EndGlobalSection
	GlobalSection(ProjectConfigurationPlatforms) = postSolution
		{EA6F29F8-7ADA-46AA-B1B8-A5284AA5A0B0}.Debug|Any CPU.ActiveCfg = Debug|Any CPU
		{EA6F29F8-7ADA-46AA-B1B8-A5284AA5A0B0}.Debug|Any CPU.Build.0 = Debug|Any CPU
		{EA6F29F8-7ADA-46AA-B1B8-A5284AA5A0B0}.Release|Any CPU.ActiveCfg = Release|Any CPU
		{EA6F29F8-7ADA-46AA-B1B8-A5284AA5A0B0}.Release|Any CPU.Build.0 = Release|Any CPU
		{6138BCD1-ADE8-46FC-B743-C9FFACFC5AB9}.Debug|Any CPU.ActiveCfg = Debug|Any CPU
		{6138BCD1-ADE8-46FC-B743-C9FFACFC5AB9}.Debug|Any CPU.Build.0 = Debug|Any CPU
		{6138BCD1-ADE8-46FC-B743-C9FFACFC5AB9}.Release|Any CPU.ActiveCfg = Release|Any CPU
		{6138BCD1-ADE8-46FC-B743-C9FFACFC5AB9}.Release|Any CPU.Build.0 = Release|Any CPU
		{AB0AC176-FA56-43E6-8030-078A3FF74096}.Debug|Any CPU.ActiveCfg = Debug|Any CPU
		{AB0AC176-FA56-43E6-8030-078A3FF74096}.Debug|Any CPU.Build.0 = Debug|Any CPU
		{AB0AC176-FA56-43E6-8030-078A3FF74096}.Release|Any CPU.ActiveCfg = Release|Any CPU
		{AB0AC176-FA56-43E6-8030-078A3FF74096}.Release|Any CPU.Build.0 = Release|Any CPU
	EndGlobalSection
	GlobalSection(SolutionProperties) = preSolution
		HideSolutionNode = FALSE
	EndGlobalSection
	GlobalSection(ExtensibilityGlobals) = postSolution
		SolutionGuid = {0B7134CD-2B20-411E-A2CE-D8F0A280377B}
	EndGlobalSection
EndGlobal
